
Microsoft Visual Studio Solution File, Format Version 12.00
# Visual Studio Version 16
VisualStudioVersion = 16.0.31105.61
MinimumVisualStudioVersion = 10.0.40219.1
Project("{FAE04EC0-301F-11D3-BF4B-00C04F79EFBC}") = "Faro Weather", "Faro Weather\Faro Weather.csproj", "{B524F69F-3AB2-4669-A212-0735EF99973A}"
EndProject
Global
	GlobalSection(SolutionConfigurationPlatforms) = preSolution
		Debug|Any CPU = Debug|Any CPU
		Release|Any CPU = Release|Any CPU
	EndGlobalSection
	GlobalSection(ProjectConfigurationPlatforms) = postSolution
		{B524F69F-3AB2-4669-A212-0735EF99973A}.Debug|Any CPU.ActiveCfg = Debug|Any CPU
		{B524F69F-3AB2-4669-A212-0735EF99973A}.Debug|Any CPU.Build.0 = Debug|Any CPU
		{B524F69F-3AB2-4669-A212-0735EF99973A}.Release|Any CPU.ActiveCfg = Release|Any CPU
		{B524F69F-3AB2-4669-A212-0735EF99973A}.Release|Any CPU.Build.0 = Release|Any CPU
	EndGlobalSection
	GlobalSection(SolutionProperties) = preSolution
		HideSolutionNode = FALSE
	EndGlobalSection
	GlobalSection(ExtensibilityGlobals) = postSolution
		SolutionGuid = {C529C9F4-CB1F-4A6D-91AA-92BC2CB7B85A}
	EndGlobalSection
EndGlobal
